// !$*UTF8*$!
{
	archiveVersion = 1;
	classes = {
	};
	objectVersion = 46;
	objects = {

/* Begin PBXBuildFile section */
		B740E0192DBEE502D34A5B95 /* Pods.framework in Frameworks */ = {isa = PBXBuildFile; fileRef = B85DFB76B2445AB55A99860A /* Pods.framework */; };
		D99365681C7EE5FD00AFBD5C /* main.m in Sources */ = {isa = PBXBuildFile; fileRef = D99365671C7EE5FD00AFBD5C /* main.m */; };
		D993656B1C7EE5FD00AFBD5C /* AppDelegate.m in Sources */ = {isa = PBXBuildFile; fileRef = D993656A1C7EE5FD00AFBD5C /* AppDelegate.m */; };
		D993656E1C7EE5FD00AFBD5C /* ViewController.m in Sources */ = {isa = PBXBuildFile; fileRef = D993656D1C7EE5FD00AFBD5C /* ViewController.m */; };
		D99365711C7EE5FD00AFBD5C /* Main.storyboard in Resources */ = {isa = PBXBuildFile; fileRef = D993656F1C7EE5FD00AFBD5C /* Main.storyboard */; };
		D99365731C7EE5FD00AFBD5C /* Assets.xcassets in Resources */ = {isa = PBXBuildFile; fileRef = D99365721C7EE5FD00AFBD5C /* Assets.xcassets */; };
		D99365761C7EE5FD00AFBD5C /* LaunchScreen.storyboard in Resources */ = {isa = PBXBuildFile; fileRef = D99365741C7EE5FD00AFBD5C /* LaunchScreen.storyboard */; };
		D993657E1C7F251900AFBD5C /* www in Resources */ = {isa = PBXBuildFile; fileRef = D993657D1C7F251900AFBD5C /* www */; };
/* End PBXBuildFile section */

/* Begin PBXFileReference section */
		347E852EAE2BB214CB3D2B3E /* Pods.debug.xcconfig */ = {isa = PBXFileReference; includeInIndex = 1; lastKnownFileType = text.xcconfig; name = Pods.debug.xcconfig; path = "Pods/Target Support Files/Pods/Pods.debug.xcconfig"; sourceTree = "<group>"; };
		8D9827FB6BDDB5D1BABB822F /* Pods.release.xcconfig */ = {isa = PBXFileReference; includeInIndex = 1; lastKnownFileType = text.xcconfig; name = Pods.release.xcconfig; path = "Pods/Target Support Files/Pods/Pods.release.xcconfig"; sourceTree = "<group>"; };
		B85DFB76B2445AB55A99860A /* Pods.framework */ = {isa = PBXFileReference; explicitFileType = wrapper.framework; includeInIndex = 0; path = Pods.framework; sourceTree = BUILT_PRODUCTS_DIR; };
		D99365631C7EE5FD00AFBD5C /* App.app */ = {isa = PBXFileReference; explicitFileType = wrapper.application; includeInIndex = 0; path = App.app; sourceTree = BUILT_PRODUCTS_DIR; };
		D99365671C7EE5FD00AFBD5C /* main.m */ = {isa = PBXFileReference; lastKnownFileType = sourcecode.c.objc; path = main.m; sourceTree = "<group>"; };
		D99365691C7EE5FD00AFBD5C /* AppDelegate.h */ = {isa = PBXFileReference; lastKnownFileType = sourcecode.c.h; path = AppDelegate.h; sourceTree = "<group>"; };
		D993656A1C7EE5FD00AFBD5C /* AppDelegate.m */ = {isa = PBXFileReference; lastKnownFileType = sourcecode.c.objc; path = AppDelegate.m; sourceTree = "<group>"; };
		D993656C1C7EE5FD00AFBD5C /* ViewController.h */ = {isa = PBXFileReference; lastKnownFileType = sourcecode.c.h; path = ViewController.h; sourceTree = "<group>"; };
		D993656D1C7EE5FD00AFBD5C /* ViewController.m */ = {isa = PBXFileReference; lastKnownFileType = sourcecode.c.objc; path = ViewController.m; sourceTree = "<group>"; };
		D99365701C7EE5FD00AFBD5C /* Base */ = {isa = PBXFileReference; lastKnownFileType = file.storyboard; name = Base; path = Base.lproj/Main.storyboard; sourceTree = "<group>"; };
		D99365721C7EE5FD00AFBD5C /* Assets.xcassets */ = {isa = PBXFileReference; lastKnownFileType = folder.assetcatalog; path = Assets.xcassets; sourceTree = "<group>"; };
		D99365751C7EE5FD00AFBD5C /* Base */ = {isa = PBXFileReference; lastKnownFileType = file.storyboard; name = Base; path = Base.lproj/LaunchScreen.storyboard; sourceTree = "<group>"; };
		D99365771C7EE5FD00AFBD5C /* Info.plist */ = {isa = PBXFileReference; lastKnownFileType = text.plist.xml; path = Info.plist; sourceTree = "<group>"; };
		D993657D1C7F251900AFBD5C /* www */ = {isa = PBXFileReference; lastKnownFileType = folder; path = www; sourceTree = SOURCE_ROOT; };
/* End PBXFileReference section */

/* Begin PBXFrameworksBuildPhase section */
		D99365601C7EE5FD00AFBD5C /* Frameworks */ = {
			isa = PBXFrameworksBuildPhase;
			buildActionMask = 2147483647;
			files = (
				B740E0192DBEE502D34A5B95 /* Pods.framework in Frameworks */,
			);
			runOnlyForDeploymentPostprocessing = 0;
		};
/* End PBXFrameworksBuildPhase section */

/* Begin PBXGroup section */
		1775F9B6D2E54F7B8104DA2B /* Pods */ = {
			isa = PBXGroup;
			children = (
				347E852EAE2BB214CB3D2B3E /* Pods.debug.xcconfig */,
				8D9827FB6BDDB5D1BABB822F /* Pods.release.xcconfig */,
			);
			name = Pods;
			sourceTree = "<group>";
		};
		2FDA4C9EFDBC1E7F80820597 /* Frameworks */ = {
			isa = PBXGroup;
			children = (
				B85DFB76B2445AB55A99860A /* Pods.framework */,
			);
			name = Frameworks;
			sourceTree = "<group>";
		};
		D993655A1C7EE5FC00AFBD5C = {
			isa = PBXGroup;
			children = (
				D993657D1C7F251900AFBD5C /* www */,
				D99365651C7EE5FD00AFBD5C /* App */,
				D99365641C7EE5FD00AFBD5C /* Products */,
				1775F9B6D2E54F7B8104DA2B /* Pods */,
				2FDA4C9EFDBC1E7F80820597 /* Frameworks */,
			);
			sourceTree = "<group>";
		};
		D99365641C7EE5FD00AFBD5C /* Products */ = {
			isa = PBXGroup;
			children = (
				D99365631C7EE5FD00AFBD5C /* App.app */,
			);
			name = Products;
			sourceTree = "<group>";
		};
		D99365651C7EE5FD00AFBD5C /* App */ = {
			isa = PBXGroup;
			children = (
				D99365691C7EE5FD00AFBD5C /* AppDelegate.h */,
				D993656A1C7EE5FD00AFBD5C /* AppDelegate.m */,
				D993656C1C7EE5FD00AFBD5C /* ViewController.h */,
				D993656D1C7EE5FD00AFBD5C /* ViewController.m */,
				D993656F1C7EE5FD00AFBD5C /* Main.storyboard */,
				D99365721C7EE5FD00AFBD5C /* Assets.xcassets */,
				D99365741C7EE5FD00AFBD5C /* LaunchScreen.storyboard */,
				D99365771C7EE5FD00AFBD5C /* Info.plist */,
				D99365661C7EE5FD00AFBD5C /* Supporting Files */,
			);
			path = App;
			sourceTree = "<group>";
		};
		D99365661C7EE5FD00AFBD5C /* Supporting Files */ = {
			isa = PBXGroup;
			children = (
				D99365671C7EE5FD00AFBD5C /* main.m */,
			);
			name = "Supporting Files";
			sourceTree = "<group>";
		};
/* End PBXGroup section */

/* Begin PBXNativeTarget section */
		D99365621C7EE5FD00AFBD5C /* App */ = {
			isa = PBXNativeTarget;
			buildConfigurationList = D993657A1C7EE5FD00AFBD5C /* Build configuration list for PBXNativeTarget "App" */;
			buildPhases = (
				138E430D9DBAE51F0328FCD1 /* Check Pods Manifest.lock */,
				D993655F1C7EE5FD00AFBD5C /* Sources */,
				D99365601C7EE5FD00AFBD5C /* Frameworks */,
				D99365611C7EE5FD00AFBD5C /* Resources */,
				A249396367E92ED62858F78E /* Embed Pods Frameworks */,
				D7830673F16545AB156918BB /* Copy Pods Resources */,
			);
			buildRules = (
			);
			dependencies = (
			);
			name = App;
			productName = App;
			productReference = D99365631C7EE5FD00AFBD5C /* App.app */;
			productType = "com.apple.product-type.application";
		};
/* End PBXNativeTarget section */

/* Begin PBXProject section */
		D993655B1C7EE5FC00AFBD5C /* Project object */ = {
			isa = PBXProject;
			attributes = {
				LastUpgradeCheck = 0720;
				ORGANIZATIONNAME = QC;
				TargetAttributes = {
					D99365621C7EE5FD00AFBD5C = {
						CreatedOnToolsVersion = 7.2.1;
					};
				};
			};
			buildConfigurationList = D993655E1C7EE5FD00AFBD5C /* Build configuration list for PBXProject "App" */;
			compatibilityVersion = "Xcode 3.2";
			developmentRegion = English;
			hasScannedForEncodings = 0;
			knownRegions = (
				en,
				Base,
			);
			mainGroup = D993655A1C7EE5FC00AFBD5C;
			productRefGroup = D99365641C7EE5FD00AFBD5C /* Products */;
			projectDirPath = "";
			projectRoot = "";
			targets = (
				D99365621C7EE5FD00AFBD5C /* App */,
			);
		};
/* End PBXProject section */

/* Begin PBXResourcesBuildPhase section */
		D99365611C7EE5FD00AFBD5C /* Resources */ = {
			isa = PBXResourcesBuildPhase;
			buildActionMask = 2147483647;
			files = (
				D993657E1C7F251900AFBD5C /* www in Resources */,
				D99365761C7EE5FD00AFBD5C /* LaunchScreen.storyboard in Resources */,
				D99365731C7EE5FD00AFBD5C /* Assets.xcassets in Resources */,
				D99365711C7EE5FD00AFBD5C /* Main.storyboard in Resources */,
			);
			runOnlyForDeploymentPostprocessing = 0;
		};
/* End PBXResourcesBuildPhase section */

/* Begin PBXShellScriptBuildPhase section */
		138E430D9DBAE51F0328FCD1 /* Check Pods Manifest.lock */ = {
			isa = PBXShellScriptBuildPhase;
			buildActionMask = 2147483647;
			files = (
			);
			inputPaths = (
			);
			name = "Check Pods Manifest.lock";
			outputPaths = (
			);
			runOnlyForDeploymentPostprocessing = 0;
			shellPath = /bin/sh;
			shellScript = "diff \"${PODS_ROOT}/../Podfile.lock\" \"${PODS_ROOT}/Manifest.lock\" > /dev/null\nif [[ $? != 0 ]] ; then\n    cat << EOM\nerror: The sandbox is not in sync with the Podfile.lock. Run 'pod install' or update your CocoaPods installation.\nEOM\n    exit 1\nfi\n";
			showEnvVarsInLog = 0;
		};
		A249396367E92ED62858F78E /* Embed Pods Frameworks */ = {
			isa = PBXShellScriptBuildPhase;
			buildActionMask = 2147483647;
			files = (
			);
			inputPaths = (
			);
			name = "Embed Pods Frameworks";
			outputPaths = (
			);
			runOnlyForDeploymentPostprocessing = 0;
			shellPath = /bin/sh;
			shellScript = "\"${SRCROOT}/Pods/Target Support Files/Pods/Pods-frameworks.sh\"\n";
			showEnvVarsInLog = 0;
		};
		D7830673F16545AB156918BB /* Copy Pods Resources */ = {
			isa = PBXShellScriptBuildPhase;
			buildActionMask = 2147483647;
			files = (
			);
			inputPaths = (
			);
			name = "Copy Pods Resources";
			outputPaths = (
			);
			runOnlyForDeploymentPostprocessing = 0;
			shellPath = /bin/sh;
			shellScript = "\"${SRCROOT}/Pods/Target Support Files/Pods/Pods-resources.sh\"\n";
			showEnvVarsInLog = 0;
		};
/* End PBXShellScriptBuildPhase section */

/* Begin PBXSourcesBuildPhase section */
		D993655F1C7EE5FD00AFBD5C /* Sources */ = {
			isa = PBXSourcesBuildPhase;
			buildActionMask = 2147483647;
			files = (
				D993656E1C7EE5FD00AFBD5C /* ViewController.m in Sources */,
				D993656B1C7EE5FD00AFBD5C /* AppDelegate.m in Sources */,
				D99365681C7EE5FD00AFBD5C /* main.m in Sources */,
			);
			runOnlyForDeploymentPostprocessing = 0;
		};
/* End PBXSourcesBuildPhase section */

/* Begin PBXVariantGroup section */
		D993656F1C7EE5FD00AFBD5C /* Main.storyboard */ = {
			isa = PBXVariantGroup;
			children = (
				D99365701C7EE5FD00AFBD5C /* Base */,
			);
			name = Main.storyboard;
			sourceTree = "<group>";
		};
		D99365741C7EE5FD00AFBD5C /* LaunchScreen.storyboard */ = {
			isa = PBXVariantGroup;
			children = (
				D99365751C7EE5FD00AFBD5C /* Base */,
			);
			name = LaunchScreen.storyboard;
			sourceTree = "<group>";
		};
/* End PBXVariantGroup section */

/* Begin XCBuildConfiguration section */
		D99365781C7EE5FD00AFBD5C /* Debug */ = {
			isa = XCBuildConfiguration;
			buildSettings = {
				ALWAYS_SEARCH_USER_PATHS = NO;
				CLANG_CXX_LANGUAGE_STANDARD = "gnu++0x";
				CLANG_CXX_LIBRARY = "libc++";
				CLANG_ENABLE_MODULES = YES;
				CLANG_ENABLE_OBJC_ARC = YES;
				CLANG_WARN_BOOL_CONVERSION = YES;
				CLANG_WARN_CONSTANT_CONVERSION = YES;
				CLANG_WARN_DIRECT_OBJC_ISA_USAGE = YES_ERROR;
				CLANG_WARN_EMPTY_BODY = YES;
				CLANG_WARN_ENUM_CONVERSION = YES;
				CLANG_WARN_INT_CONVERSION = YES;
				CLANG_WARN_OBJC_ROOT_CLASS = YES_ERROR;
				CLANG_WARN_UNREACHABLE_CODE = YES;
				CLANG_WARN__DUPLICATE_METHOD_MATCH = YES;
				"CODE_SIGN_IDENTITY[sdk=iphoneos*]" = "iPhone Developer";
				COPY_PHASE_STRIP = NO;
				DEBUG_INFORMATION_FORMAT = dwarf;
				ENABLE_STRICT_OBJC_MSGSEND = YES;
				ENABLE_TESTABILITY = YES;
				GCC_C_LANGUAGE_STANDARD = gnu99;
				GCC_DYNAMIC_NO_PIC = NO;
				GCC_NO_COMMON_BLOCKS = YES;
				GCC_OPTIMIZATION_LEVEL = 0;
				GCC_PREPROCESSOR_DEFINITIONS = (
					"DEBUG=1",
					"$(inherited)",
				);
				GCC_WARN_64_TO_32_BIT_CONVERSION = YES;
				GCC_WARN_ABOUT_RETURN_TYPE = YES_ERROR;
				GCC_WARN_UNDECLARED_SELECTOR = YES;
				GCC_WARN_UNINITIALIZED_AUTOS = YES_AGGRESSIVE;
				GCC_WARN_UNUSED_FUNCTION = YES;
				GCC_WARN_UNUSED_VARIABLE = YES;
				IPHONEOS_DEPLOYMENT_TARGET = 9.2;
				MTL_ENABLE_DEBUG_INFO = YES;
				ONLY_ACTIVE_ARCH = YES;
				SDKROOT = iphoneos;
				TARGETED_DEVICE_FAMILY = "1,2";
			};
			name = Debug;
		};
		D99365791C7EE5FD00AFBD5C /* Release */ = {
			isa = XCBuildConfiguration;
			buildSettings = {
				ALWAYS_SEARCH_USER_PATHS = NO;
				CLANG_CXX_LANGUAGE_STANDARD = "gnu++0x";
				CLANG_CXX_LIBRARY = "libc++";
				CLANG_ENABLE_MODULES = YES;
				CLANG_ENABLE_OBJC_ARC = YES;
				CLANG_WARN_BOOL_CONVERSION = YES;
				CLANG_WARN_CONSTANT_CONVERSION = YES;
				CLANG_WARN_DIRECT_OBJC_ISA_USAGE = YES_ERROR;
				CLANG_WARN_EMPTY_BODY = YES;
				CLANG_WARN_ENUM_CONVERSION = YES;
				CLANG_WARN_INT_CONVERSION = YES;
				CLANG_WARN_OBJC_ROOT_CLASS = YES_ERROR;
				CLANG_WARN_UNREACHABLE_CODE = YES;
				CLANG_WARN__DUPLICATE_METHOD_MATCH = YES;
				"CODE_SIGN_IDENTITY[sdk=iphoneos*]" = "iPhone Developer";
				COPY_PHASE_STRIP = NO;
				DEBUG_INFORMATION_FORMAT = "dwarf-with-dsym";
				ENABLE_NS_ASSERTIONS = NO;
				ENABLE_STRICT_OBJC_MSGSEND = YES;
				GCC_C_LANGUAGE_STANDARD = gnu99;
				GCC_NO_COMMON_BLOCKS = YES;
				GCC_WARN_64_TO_32_BIT_CONVERSION = YES;
				GCC_WARN_ABOUT_RETURN_TYPE = YES_ERROR;
				GCC_WARN_UNDECLARED_SELECTOR = YES;
				GCC_WARN_UNINITIALIZED_AUTOS = YES_AGGRESSIVE;
				GCC_WARN_UNUSED_FUNCTION = YES;
				GCC_WARN_UNUSED_VARIABLE = YES;
				IPHONEOS_DEPLOYMENT_TARGET = 9.2;
				MTL_ENABLE_DEBUG_INFO = NO;
				SDKROOT = iphoneos;
				TARGETED_DEVICE_FAMILY = "1,2";
				VALIDATE_PRODUCT = YES;
			};
			name = Release;
		};
		D993657B1C7EE5FD00AFBD5C /* Debug */ = {
			isa = XCBuildConfiguration;
			baseConfigurationReference = 347E852EAE2BB214CB3D2B3E /* Pods.debug.xcconfig */;
			buildSettings = {
				ASSETCATALOG_COMPILER_APPICON_NAME = AppIcon;
				ASSETCATALOG_COMPILER_LAUNCHIMAGE_NAME = LaunchImage;
				DEFINES_MODULE = YES;
				INFOPLIST_FILE = App/Info.plist;
				IPHONEOS_DEPLOYMENT_TARGET = 8.0;
				LD_RUNPATH_SEARCH_PATHS = "$(inherited) @executable_path/Frameworks";
				PRODUCT_BUNDLE_IDENTIFIER = com.qiciengine.App;
				PRODUCT_NAME = "$(TARGET_NAME)";
			};
			name = Debug;
		};
		D993657C1C7EE5FD00AFBD5C /* Release */ = {
			isa = XCBuildConfiguration;
			baseConfigurationReference = 8D9827FB6BDDB5D1BABB822F /* Pods.release.xcconfig */;
			buildSettings = {
				ASSETCATALOG_COMPILER_APPICON_NAME = AppIcon;
				ASSETCATALOG_COMPILER_LAUNCHIMAGE_NAME = LaunchImage;
				DEFINES_MODULE = YES;
				INFOPLIST_FILE = App/Info.plist;
				IPHONEOS_DEPLOYMENT_TARGET = 8.0;
				LD_RUNPATH_SEARCH_PATHS = "$(inherited) @executable_path/Frameworks";
				PRODUCT_BUNDLE_IDENTIFIER = com.qiciengine.App;
				PRODUCT_NAME = "$(TARGET_NAME)";
			};
			name = Release;
		};
/* End XCBuildConfiguration section */

/* Begin XCConfigurationList section */
		D993655E1C7EE5FD00AFBD5C /* Build configuration list for PBXProject "App" */ = {
			isa = XCConfigurationList;
			buildConfigurations = (
				D99365781C7EE5FD00AFBD5C /* Debug */,
				D99365791C7EE5FD00AFBD5C /* Release */,
			);
			defaultConfigurationIsVisible = 0;
			defaultConfigurationName = Release;
		};
		D993657A1C7EE5FD00AFBD5C /* Build configuration list for PBXNativeTarget "App" */ = {
			isa = XCConfigurationList;
			buildConfigurations = (
				D993657B1C7EE5FD00AFBD5C /* Debug */,
				D993657C1C7EE5FD00AFBD5C /* Release */,
			);
			defaultConfigurationIsVisible = 0;
			defaultConfigurationName = Release;
		};
/* End XCConfigurationList section */
	};
	rootObject = D993655B1C7EE5FC00AFBD5C /* Project object */;
}
